{
    "version": 3,
    "terraform_version": "0.11.1",
    "serial": 3,
    "lineage": "ee0371d4-2415-45da-9998-cf8edf987c15",
    "modules": [
        {
            "path": [
                "root"
            ],
            "outputs": {},
            "resources": {
                "aws_instance.webserver": {
                    "type": "aws_instance",
                    "depends_on": [],
                    "primary": {
                        "id": "i-07ca121cea8ce7868",
                        "attributes": {
                            "ami": "ami-8fd760f6",
                            "associate_public_ip_address": "true",
                            "availability_zone": "eu-west-1b",
                            "disable_api_termination": "false",
                            "ebs_block_device.#": "0",
                            "ebs_optimized": "false",
                            "ephemeral_block_device.#": "0",
                            "iam_instance_profile": "",
                            "id": "i-07ca121cea8ce7868",
                            "instance_state": "running",
                            "instance_type": "t2.micro",
                            "ipv6_addresses.#": "0",
                            "key_name": "",
                            "monitoring": "false",
                            "network_interface.#": "0",
                            "network_interface_id": "eni-53d55162",
                            "placement_group": "",
                            "primary_network_interface_id": "eni-53d55162",
                            "private_dns": "ip-172-31-23-195.eu-west-1.compute.internal",
                            "private_ip": "172.31.23.195",
                            "public_dns": "ec2-54-229-126-39.eu-west-1.compute.amazonaws.com",
                            "public_ip": "54.229.126.39",
                            "root_block_device.#": "1",
                            "root_block_device.0.delete_on_termination": "true",
                            "root_block_device.0.iops": "100",
                            "root_block_device.0.volume_size": "8",
                            "root_block_device.0.volume_type": "gp2",
                            "security_groups.#": "1",
                            "security_groups.3814588639": "default",
                            "source_dest_check": "true",
                            "subnet_id": "subnet-1752655e",
                            "tags.%": "1",
                            "tags.Name": "Ubuntu Terraform Test",
                            "tenancy": "default",
                            "volume_tags.%": "0",
                            "vpc_security_group_ids.#": "0"
                        },
                        "meta": {
                            "e2bfb730-ecaa-11e6-8f88-34363bc7c4c0": {
                                "create": 600000000000,
                                "delete": 600000000000,
                                "update": 600000000000
                            },
                            "schema_version": "1"
                        },
                        "tainted": false
                    },
                    "deposed": [],
                    "provider": "provider.aws"
                }
            },
            "depends_on": []
        }
    ]
}
